// !$*UTF8*$!
{
	archiveVersion = 1;
	classes = {
	};
	objectVersion = 50;
	objects = {

/* Begin PBXBuildFile section */
		00677855E3C6D8DC5A538D48 /* libPods-AwokDemoAppUITests.a in Frameworks */ = {isa = PBXBuildFile; fileRef = 3718090A833152A3529DD161 /* libPods-AwokDemoAppUITests.a */; };
		2901A80E21010788009DE8A9 /* AppDelegate.m in Sources */ = {isa = PBXBuildFile; fileRef = 2901A80D21010788009DE8A9 /* AppDelegate.m */; };
		2901A81421010788009DE8A9 /* Main.storyboard in Resources */ = {isa = PBXBuildFile; fileRef = 2901A81221010788009DE8A9 /* Main.storyboard */; };
		2901A81621010789009DE8A9 /* Assets.xcassets in Resources */ = {isa = PBXBuildFile; fileRef = 2901A81521010789009DE8A9 /* Assets.xcassets */; };
		2901A81921010789009DE8A9 /* LaunchScreen.storyboard in Resources */ = {isa = PBXBuildFile; fileRef = 2901A81721010789009DE8A9 /* LaunchScreen.storyboard */; };
		2901A81C21010789009DE8A9 /* main.m in Sources */ = {isa = PBXBuildFile; fileRef = 2901A81B21010789009DE8A9 /* main.m */; };
		2901A82621010789009DE8A9 /* AwokDemoAppTests.m in Sources */ = {isa = PBXBuildFile; fileRef = 2901A82521010789009DE8A9 /* AwokDemoAppTests.m */; };
		2901A83121010789009DE8A9 /* AwokDemoAppUITests.m in Sources */ = {isa = PBXBuildFile; fileRef = 2901A83021010789009DE8A9 /* AwokDemoAppUITests.m */; };
		2901A87E2101214F009DE8A9 /* AwokDashboard.m in Sources */ = {isa = PBXBuildFile; fileRef = 2901A87D2101214F009DE8A9 /* AwokDashboard.m */; };
		2901A881210121B4009DE8A9 /* AwokNavigation.m in Sources */ = {isa = PBXBuildFile; fileRef = 2901A880210121B4009DE8A9 /* AwokNavigation.m */; };
		2901A88421012213009DE8A9 /* AwokEndTime.m in Sources */ = {isa = PBXBuildFile; fileRef = 2901A88321012213009DE8A9 /* AwokEndTime.m */; };
		2901A88721012233009DE8A9 /* AwokPrices.m in Sources */ = {isa = PBXBuildFile; fileRef = 2901A88621012233009DE8A9 /* AwokPrices.m */; };
		2901A88A21012286009DE8A9 /* AwokImage.m in Sources */ = {isa = PBXBuildFile; fileRef = 2901A88921012286009DE8A9 /* AwokImage.m */; };
		2901A88D210123DC009DE8A9 /* AwokColor.m in Sources */ = {isa = PBXBuildFile; fileRef = 2901A88C210123DC009DE8A9 /* AwokColor.m */; };
		2901A89021012445009DE8A9 /* AwokItem.m in Sources */ = {isa = PBXBuildFile; fileRef = 2901A88F21012445009DE8A9 /* AwokItem.m */; };
		2901A893210124A2009DE8A9 /* AwokData.m in Sources */ = {isa = PBXBuildFile; fileRef = 2901A892210124A2009DE8A9 /* AwokData.m */; };
		2901A896210124E3009DE8A9 /* AwokOutput.m in Sources */ = {isa = PBXBuildFile; fileRef = 2901A895210124E3009DE8A9 /* AwokOutput.m */; };
		CCA91449F032A4148196E465 /* libPods-AwokDemoApp.a in Frameworks */ = {isa = PBXBuildFile; fileRef = 59DD5517C2D811B994399ACF /* libPods-AwokDemoApp.a */; };
		E8C80BC795573C26B7C5A2AB /* libPods-AwokDemoAppTests.a in Frameworks */ = {isa = PBXBuildFile; fileRef = 4DF0BCFF512B92A06CAA4512 /* libPods-AwokDemoAppTests.a */; };
/* End PBXBuildFile section */

/* Begin PBXContainerItemProxy section */
		2901A82221010789009DE8A9 /* PBXContainerItemProxy */ = {
			isa = PBXContainerItemProxy;
			containerPortal = 2901A80121010788009DE8A9 /* Project object */;
			proxyType = 1;
			remoteGlobalIDString = 2901A80821010788009DE8A9;
			remoteInfo = AwokDemoApp;
		};
		2901A82D21010789009DE8A9 /* PBXContainerItemProxy */ = {
			isa = PBXContainerItemProxy;
			containerPortal = 2901A80121010788009DE8A9 /* Project object */;
			proxyType = 1;
			remoteGlobalIDString = 2901A80821010788009DE8A9;
			remoteInfo = AwokDemoApp;
		};
/* End PBXContainerItemProxy section */

/* Begin PBXFileReference section */
		1316203501277CE6C1657EDC /* Pods-AwokDemoAppTests.release.xcconfig */ = {isa = PBXFileReference; includeInIndex = 1; lastKnownFileType = text.xcconfig; name = "Pods-AwokDemoAppTests.release.xcconfig"; path = "Pods/Target Support Files/Pods-AwokDemoAppTests/Pods-AwokDemoAppTests.release.xcconfig"; sourceTree = "<group>"; };
		2901A80921010788009DE8A9 /* AwokDemoApp.app */ = {isa = PBXFileReference; explicitFileType = wrapper.application; includeInIndex = 0; path = AwokDemoApp.app; sourceTree = BUILT_PRODUCTS_DIR; };
		2901A80C21010788009DE8A9 /* AppDelegate.h */ = {isa = PBXFileReference; lastKnownFileType = sourcecode.c.h; path = AppDelegate.h; sourceTree = "<group>"; };
		2901A80D21010788009DE8A9 /* AppDelegate.m */ = {isa = PBXFileReference; lastKnownFileType = sourcecode.c.objc; path = AppDelegate.m; sourceTree = "<group>"; };
		2901A81321010788009DE8A9 /* Base */ = {isa = PBXFileReference; lastKnownFileType = file.storyboard; name = Base; path = Base.lproj/Main.storyboard; sourceTree = "<group>"; };
		2901A81521010789009DE8A9 /* Assets.xcassets */ = {isa = PBXFileReference; lastKnownFileType = folder.assetcatalog; path = Assets.xcassets; sourceTree = "<group>"; };
		2901A81821010789009DE8A9 /* Base */ = {isa = PBXFileReference; lastKnownFileType = file.storyboard; name = Base; path = Base.lproj/LaunchScreen.storyboard; sourceTree = "<group>"; };
		2901A81A21010789009DE8A9 /* Info.plist */ = {isa = PBXFileReference; lastKnownFileType = text.plist.xml; path = Info.plist; sourceTree = "<group>"; };
		2901A81B21010789009DE8A9 /* main.m */ = {isa = PBXFileReference; lastKnownFileType = sourcecode.c.objc; path = main.m; sourceTree = "<group>"; };
		2901A82121010789009DE8A9 /* AwokDemoAppTests.xctest */ = {isa = PBXFileReference; explicitFileType = wrapper.cfbundle; includeInIndex = 0; path = AwokDemoAppTests.xctest; sourceTree = BUILT_PRODUCTS_DIR; };
		2901A82521010789009DE8A9 /* AwokDemoAppTests.m */ = {isa = PBXFileReference; lastKnownFileType = sourcecode.c.objc; path = AwokDemoAppTests.m; sourceTree = "<group>"; };
		2901A82721010789009DE8A9 /* Info.plist */ = {isa = PBXFileReference; lastKnownFileType = text.plist.xml; path = Info.plist; sourceTree = "<group>"; };
		2901A82C21010789009DE8A9 /* AwokDemoAppUITests.xctest */ = {isa = PBXFileReference; explicitFileType = wrapper.cfbundle; includeInIndex = 0; path = AwokDemoAppUITests.xctest; sourceTree = BUILT_PRODUCTS_DIR; };
		2901A83021010789009DE8A9 /* AwokDemoAppUITests.m */ = {isa = PBXFileReference; lastKnownFileType = sourcecode.c.objc; path = AwokDemoAppUITests.m; sourceTree = "<group>"; };
		2901A83221010789009DE8A9 /* Info.plist */ = {isa = PBXFileReference; lastKnownFileType = text.plist.xml; path = Info.plist; sourceTree = "<group>"; };
		2901A87C2101214F009DE8A9 /* AwokDashboard.h */ = {isa = PBXFileReference; lastKnownFileType = sourcecode.c.h; path = AwokDashboard.h; sourceTree = "<group>"; };
		2901A87D2101214F009DE8A9 /* AwokDashboard.m */ = {isa = PBXFileReference; lastKnownFileType = sourcecode.c.objc; path = AwokDashboard.m; sourceTree = "<group>"; };
		2901A87F210121B4009DE8A9 /* AwokNavigation.h */ = {isa = PBXFileReference; lastKnownFileType = sourcecode.c.h; path = AwokNavigation.h; sourceTree = "<group>"; };
		2901A880210121B4009DE8A9 /* AwokNavigation.m */ = {isa = PBXFileReference; lastKnownFileType = sourcecode.c.objc; path = AwokNavigation.m; sourceTree = "<group>"; };
		2901A88221012213009DE8A9 /* AwokEndTime.h */ = {isa = PBXFileReference; lastKnownFileType = sourcecode.c.h; path = AwokEndTime.h; sourceTree = "<group>"; };
		2901A88321012213009DE8A9 /* AwokEndTime.m */ = {isa = PBXFileReference; lastKnownFileType = sourcecode.c.objc; path = AwokEndTime.m; sourceTree = "<group>"; };
		2901A88521012233009DE8A9 /* AwokPrices.h */ = {isa = PBXFileReference; lastKnownFileType = sourcecode.c.h; path = AwokPrices.h; sourceTree = "<group>"; };
		2901A88621012233009DE8A9 /* AwokPrices.m */ = {isa = PBXFileReference; lastKnownFileType = sourcecode.c.objc; path = AwokPrices.m; sourceTree = "<group>"; };
		2901A88821012286009DE8A9 /* AwokImage.h */ = {isa = PBXFileReference; lastKnownFileType = sourcecode.c.h; path = AwokImage.h; sourceTree = "<group>"; };
		2901A88921012286009DE8A9 /* AwokImage.m */ = {isa = PBXFileReference; lastKnownFileType = sourcecode.c.objc; path = AwokImage.m; sourceTree = "<group>"; };
		2901A88B210123DC009DE8A9 /* AwokColor.h */ = {isa = PBXFileReference; lastKnownFileType = sourcecode.c.h; path = AwokColor.h; sourceTree = "<group>"; };
		2901A88C210123DC009DE8A9 /* AwokColor.m */ = {isa = PBXFileReference; lastKnownFileType = sourcecode.c.objc; path = AwokColor.m; sourceTree = "<group>"; };
		2901A88E21012445009DE8A9 /* AwokItem.h */ = {isa = PBXFileReference; lastKnownFileType = sourcecode.c.h; path = AwokItem.h; sourceTree = "<group>"; };
		2901A88F21012445009DE8A9 /* AwokItem.m */ = {isa = PBXFileReference; lastKnownFileType = sourcecode.c.objc; path = AwokItem.m; sourceTree = "<group>"; };
		2901A891210124A2009DE8A9 /* AwokData.h */ = {isa = PBXFileReference; lastKnownFileType = sourcecode.c.h; path = AwokData.h; sourceTree = "<group>"; };
		2901A892210124A2009DE8A9 /* AwokData.m */ = {isa = PBXFileReference; lastKnownFileType = sourcecode.c.objc; path = AwokData.m; sourceTree = "<group>"; };
		2901A894210124E3009DE8A9 /* AwokOutput.h */ = {isa = PBXFileReference; lastKnownFileType = sourcecode.c.h; path = AwokOutput.h; sourceTree = "<group>"; };
		2901A895210124E3009DE8A9 /* AwokOutput.m */ = {isa = PBXFileReference; lastKnownFileType = sourcecode.c.objc; path = AwokOutput.m; sourceTree = "<group>"; };
		327EC4D9934FD20BB81A3441 /* Pods-AwokDemoApp.debug.xcconfig */ = {isa = PBXFileReference; includeInIndex = 1; lastKnownFileType = text.xcconfig; name = "Pods-AwokDemoApp.debug.xcconfig"; path = "Pods/Target Support Files/Pods-AwokDemoApp/Pods-AwokDemoApp.debug.xcconfig"; sourceTree = "<group>"; };
		3718090A833152A3529DD161 /* libPods-AwokDemoAppUITests.a */ = {isa = PBXFileReference; explicitFileType = archive.ar; includeInIndex = 0; path = "libPods-AwokDemoAppUITests.a"; sourceTree = BUILT_PRODUCTS_DIR; };
		4DF0BCFF512B92A06CAA4512 /* libPods-AwokDemoAppTests.a */ = {isa = PBXFileReference; explicitFileType = archive.ar; includeInIndex = 0; path = "libPods-AwokDemoAppTests.a"; sourceTree = BUILT_PRODUCTS_DIR; };
		52A2C581F1E1BCA059581ADD /* Pods-AwokDemoApp.release.xcconfig */ = {isa = PBXFileReference; includeInIndex = 1; lastKnownFileType = text.xcconfig; name = "Pods-AwokDemoApp.release.xcconfig"; path = "Pods/Target Support Files/Pods-AwokDemoApp/Pods-AwokDemoApp.release.xcconfig"; sourceTree = "<group>"; };
		59DD5517C2D811B994399ACF /* libPods-AwokDemoApp.a */ = {isa = PBXFileReference; explicitFileType = archive.ar; includeInIndex = 0; path = "libPods-AwokDemoApp.a"; sourceTree = BUILT_PRODUCTS_DIR; };
		951E9AE684A0D620EA14B5BB /* Pods-AwokDemoAppUITests.release.xcconfig */ = {isa = PBXFileReference; includeInIndex = 1; lastKnownFileType = text.xcconfig; name = "Pods-AwokDemoAppUITests.release.xcconfig"; path = "Pods/Target Support Files/Pods-AwokDemoAppUITests/Pods-AwokDemoAppUITests.release.xcconfig"; sourceTree = "<group>"; };
		E6E447D0F13867CAF742CBE6 /* Pods-AwokDemoAppTests.debug.xcconfig */ = {isa = PBXFileReference; includeInIndex = 1; lastKnownFileType = text.xcconfig; name = "Pods-AwokDemoAppTests.debug.xcconfig"; path = "Pods/Target Support Files/Pods-AwokDemoAppTests/Pods-AwokDemoAppTests.debug.xcconfig"; sourceTree = "<group>"; };
		F1379883CD247B9319AC4E78 /* Pods-AwokDemoAppUITests.debug.xcconfig */ = {isa = PBXFileReference; includeInIndex = 1; lastKnownFileType = text.xcconfig; name = "Pods-AwokDemoAppUITests.debug.xcconfig"; path = "Pods/Target Support Files/Pods-AwokDemoAppUITests/Pods-AwokDemoAppUITests.debug.xcconfig"; sourceTree = "<group>"; };
/* End PBXFileReference section */

/* Begin PBXFrameworksBuildPhase section */
		2901A80621010788009DE8A9 /* Frameworks */ = {
			isa = PBXFrameworksBuildPhase;
			buildActionMask = 2147483647;
			files = (
				CCA91449F032A4148196E465 /* libPods-AwokDemoApp.a in Frameworks */,
			);
			runOnlyForDeploymentPostprocessing = 0;
		};
		2901A81E21010789009DE8A9 /* Frameworks */ = {
			isa = PBXFrameworksBuildPhase;
			buildActionMask = 2147483647;
			files = (
				E8C80BC795573C26B7C5A2AB /* libPods-AwokDemoAppTests.a in Frameworks */,
			);
			runOnlyForDeploymentPostprocessing = 0;
		};
		2901A82921010789009DE8A9 /* Frameworks */ = {
			isa = PBXFrameworksBuildPhase;
			buildActionMask = 2147483647;
			files = (
				00677855E3C6D8DC5A538D48 /* libPods-AwokDemoAppUITests.a in Frameworks */,
			);
			runOnlyForDeploymentPostprocessing = 0;
		};
/* End PBXFrameworksBuildPhase section */

/* Begin PBXGroup section */
		2901A80021010788009DE8A9 = {
			isa = PBXGroup;
			children = (
				2901A80B21010788009DE8A9 /* AwokDemoApp */,
				2901A82421010789009DE8A9 /* AwokDemoAppTests */,
				2901A82F21010789009DE8A9 /* AwokDemoAppUITests */,
				2901A80A21010788009DE8A9 /* Products */,
				E0E4D67D3DCE9AAD35B97FE8 /* Pods */,
				FF82C4D2AAB90AC0EF2095DA /* Frameworks */,
			);
			sourceTree = "<group>";
		};
		2901A80A21010788009DE8A9 /* Products */ = {
			isa = PBXGroup;
			children = (
				2901A80921010788009DE8A9 /* AwokDemoApp.app */,
				2901A82121010789009DE8A9 /* AwokDemoAppTests.xctest */,
				2901A82C21010789009DE8A9 /* AwokDemoAppUITests.xctest */,
			);
			name = Products;
			sourceTree = "<group>";
		};
		2901A80B21010788009DE8A9 /* AwokDemoApp */ = {
			isa = PBXGroup;
			children = (
				2901A80C21010788009DE8A9 /* AppDelegate.h */,
				2901A80D21010788009DE8A9 /* AppDelegate.m */,
				2901A83E21010C7D009DE8A9 /* Models */,
				2901A83F21010C7E009DE8A9 /* ViewControllers */,
				2901A81221010788009DE8A9 /* Main.storyboard */,
				2901A81521010789009DE8A9 /* Assets.xcassets */,
				2901A81721010789009DE8A9 /* LaunchScreen.storyboard */,
				2901A81A21010789009DE8A9 /* Info.plist */,
				2901A81B21010789009DE8A9 /* main.m */,
			);
			path = AwokDemoApp;
			sourceTree = "<group>";
		};
		2901A82421010789009DE8A9 /* AwokDemoAppTests */ = {
			isa = PBXGroup;
			children = (
				2901A82521010789009DE8A9 /* AwokDemoAppTests.m */,
				2901A82721010789009DE8A9 /* Info.plist */,
			);
			path = AwokDemoAppTests;
			sourceTree = "<group>";
		};
		2901A82F21010789009DE8A9 /* AwokDemoAppUITests */ = {
			isa = PBXGroup;
			children = (
				2901A83021010789009DE8A9 /* AwokDemoAppUITests.m */,
				2901A83221010789009DE8A9 /* Info.plist */,
			);
			path = AwokDemoAppUITests;
			sourceTree = "<group>";
		};
		2901A83E21010C7D009DE8A9 /* Models */ = {
			isa = PBXGroup;
			children = (
				2901A87C2101214F009DE8A9 /* AwokDashboard.h */,
				2901A87D2101214F009DE8A9 /* AwokDashboard.m */,
				2901A87F210121B4009DE8A9 /* AwokNavigation.h */,
				2901A880210121B4009DE8A9 /* AwokNavigation.m */,
				2901A88221012213009DE8A9 /* AwokEndTime.h */,
				2901A88321012213009DE8A9 /* AwokEndTime.m */,
				2901A88521012233009DE8A9 /* AwokPrices.h */,
				2901A88621012233009DE8A9 /* AwokPrices.m */,
				2901A88821012286009DE8A9 /* AwokImage.h */,
				2901A88921012286009DE8A9 /* AwokImage.m */,
				2901A88B210123DC009DE8A9 /* AwokColor.h */,
				2901A88C210123DC009DE8A9 /* AwokColor.m */,
				2901A88E21012445009DE8A9 /* AwokItem.h */,
				2901A88F21012445009DE8A9 /* AwokItem.m */,
				2901A891210124A2009DE8A9 /* AwokData.h */,
				2901A892210124A2009DE8A9 /* AwokData.m */,
				2901A894210124E3009DE8A9 /* AwokOutput.h */,
				2901A895210124E3009DE8A9 /* AwokOutput.m */,
			);
			path = Models;
			sourceTree = "<group>";
		};
		2901A83F21010C7E009DE8A9 /* ViewControllers */ = {
			isa = PBXGroup;
			children = (
			);
			path = ViewControllers;
			sourceTree = "<group>";
		};
		E0E4D67D3DCE9AAD35B97FE8 /* Pods */ = {
			isa = PBXGroup;
			children = (
				327EC4D9934FD20BB81A3441 /* Pods-AwokDemoApp.debug.xcconfig */,
				52A2C581F1E1BCA059581ADD /* Pods-AwokDemoApp.release.xcconfig */,
				E6E447D0F13867CAF742CBE6 /* Pods-AwokDemoAppTests.debug.xcconfig */,
				1316203501277CE6C1657EDC /* Pods-AwokDemoAppTests.release.xcconfig */,
				F1379883CD247B9319AC4E78 /* Pods-AwokDemoAppUITests.debug.xcconfig */,
				951E9AE684A0D620EA14B5BB /* Pods-AwokDemoAppUITests.release.xcconfig */,
			);
			name = Pods;
			sourceTree = "<group>";
		};
		FF82C4D2AAB90AC0EF2095DA /* Frameworks */ = {
			isa = PBXGroup;
			children = (
				59DD5517C2D811B994399ACF /* libPods-AwokDemoApp.a */,
				4DF0BCFF512B92A06CAA4512 /* libPods-AwokDemoAppTests.a */,
				3718090A833152A3529DD161 /* libPods-AwokDemoAppUITests.a */,
			);
			name = Frameworks;
			sourceTree = "<group>";
		};
/* End PBXGroup section */

/* Begin PBXNativeTarget section */
		2901A80821010788009DE8A9 /* AwokDemoApp */ = {
			isa = PBXNativeTarget;
			buildConfigurationList = 2901A83521010789009DE8A9 /* Build configuration list for PBXNativeTarget "AwokDemoApp" */;
			buildPhases = (
				E4AEC53037A1528DC222DFC6 /* [CP] Check Pods Manifest.lock */,
				2901A80521010788009DE8A9 /* Sources */,
				2901A80621010788009DE8A9 /* Frameworks */,
				2901A80721010788009DE8A9 /* Resources */,
				3B1AD40E2818142708AA651A /* [CP] Embed Pods Frameworks */,
				A0E53F08035FDE51D7410186 /* [CP] Copy Pods Resources */,
			);
			buildRules = (
			);
			dependencies = (
			);
			name = AwokDemoApp;
			productName = AwokDemoApp;
			productReference = 2901A80921010788009DE8A9 /* AwokDemoApp.app */;
			productType = "com.apple.product-type.application";
		};
		2901A82021010789009DE8A9 /* AwokDemoAppTests */ = {
			isa = PBXNativeTarget;
			buildConfigurationList = 2901A83821010789009DE8A9 /* Build configuration list for PBXNativeTarget "AwokDemoAppTests" */;
			buildPhases = (
				31C58034703254768B598CFE /* [CP] Check Pods Manifest.lock */,
				2901A81D21010789009DE8A9 /* Sources */,
				2901A81E21010789009DE8A9 /* Frameworks */,
				2901A81F21010789009DE8A9 /* Resources */,
				2B182B9EBF779DB243A179E0 /* [CP] Embed Pods Frameworks */,
				4E32AC52C636C346F9653341 /* [CP] Copy Pods Resources */,
			);
			buildRules = (
			);
			dependencies = (
				2901A82321010789009DE8A9 /* PBXTargetDependency */,
			);
			name = AwokDemoAppTests;
			productName = AwokDemoAppTests;
			productReference = 2901A82121010789009DE8A9 /* AwokDemoAppTests.xctest */;
			productType = "com.apple.product-type.bundle.unit-test";
		};
		2901A82B21010789009DE8A9 /* AwokDemoAppUITests */ = {
			isa = PBXNativeTarget;
			buildConfigurationList = 2901A83B21010789009DE8A9 /* Build configuration list for PBXNativeTarget "AwokDemoAppUITests" */;
			buildPhases = (
				BF64187A2C44D6D8482AAC1F /* [CP] Check Pods Manifest.lock */,
				2901A82821010789009DE8A9 /* Sources */,
				2901A82921010789009DE8A9 /* Frameworks */,
				2901A82A21010789009DE8A9 /* Resources */,
				62B75D48E489FE3431C5BBE1 /* [CP] Embed Pods Frameworks */,
				9938CC270EF24CDD21BA93CC /* [CP] Copy Pods Resources */,
			);
			buildRules = (
			);
			dependencies = (
				2901A82E21010789009DE8A9 /* PBXTargetDependency */,
			);
			name = AwokDemoAppUITests;
			productName = AwokDemoAppUITests;
			productReference = 2901A82C21010789009DE8A9 /* AwokDemoAppUITests.xctest */;
			productType = "com.apple.product-type.bundle.ui-testing";
		};
/* End PBXNativeTarget section */

/* Begin PBXProject section */
		2901A80121010788009DE8A9 /* Project object */ = {
			isa = PBXProject;
			attributes = {
				LastUpgradeCheck = 0940;
				ORGANIZATIONNAME = "Waqas Sultan";
				TargetAttributes = {
					2901A80821010788009DE8A9 = {
						CreatedOnToolsVersion = 9.4.1;
					};
					2901A82021010789009DE8A9 = {
						CreatedOnToolsVersion = 9.4.1;
						TestTargetID = 2901A80821010788009DE8A9;
					};
					2901A82B21010789009DE8A9 = {
						CreatedOnToolsVersion = 9.4.1;
						TestTargetID = 2901A80821010788009DE8A9;
					};
				};
			};
			buildConfigurationList = 2901A80421010788009DE8A9 /* Build configuration list for PBXProject "AwokDemoApp" */;
			compatibilityVersion = "Xcode 9.3";
			developmentRegion = en;
			hasScannedForEncodings = 0;
			knownRegions = (
				en,
				Base,
			);
			mainGroup = 2901A80021010788009DE8A9;
			productRefGroup = 2901A80A21010788009DE8A9 /* Products */;
			projectDirPath = "";
			projectRoot = "";
			targets = (
				2901A80821010788009DE8A9 /* AwokDemoApp */,
				2901A82021010789009DE8A9 /* AwokDemoAppTests */,
				2901A82B21010789009DE8A9 /* AwokDemoAppUITests */,
			);
		};
/* End PBXProject section */

/* Begin PBXResourcesBuildPhase section */
		2901A80721010788009DE8A9 /* Resources */ = {
			isa = PBXResourcesBuildPhase;
			buildActionMask = 2147483647;
			files = (
				2901A81921010789009DE8A9 /* LaunchScreen.storyboard in Resources */,
				2901A81621010789009DE8A9 /* Assets.xcassets in Resources */,
				2901A81421010788009DE8A9 /* Main.storyboard in Resources */,
			);
			runOnlyForDeploymentPostprocessing = 0;
		};
		2901A81F21010789009DE8A9 /* Resources */ = {
			isa = PBXResourcesBuildPhase;
			buildActionMask = 2147483647;
			files = (
			);
			runOnlyForDeploymentPostprocessing = 0;
		};
		2901A82A21010789009DE8A9 /* Resources */ = {
			isa = PBXResourcesBuildPhase;
			buildActionMask = 2147483647;
			files = (
			);
			runOnlyForDeploymentPostprocessing = 0;
		};
/* End PBXResourcesBuildPhase section */

/* Begin PBXShellScriptBuildPhase section */
		2B182B9EBF779DB243A179E0 /* [CP] Embed Pods Frameworks */ = {
			isa = PBXShellScriptBuildPhase;
			buildActionMask = 2147483647;
			files = (
			);
			inputPaths = (
			);
			name = "[CP] Embed Pods Frameworks";
			outputPaths = (
			);
			runOnlyForDeploymentPostprocessing = 0;
			shellPath = /bin/sh;
			shellScript = "\"${SRCROOT}/Pods/Target Support Files/Pods-AwokDemoAppTests/Pods-AwokDemoAppTests-frameworks.sh\"\n";
			showEnvVarsInLog = 0;
		};
		31C58034703254768B598CFE /* [CP] Check Pods Manifest.lock */ = {
			isa = PBXShellScriptBuildPhase;
			buildActionMask = 2147483647;
			files = (
			);
			inputPaths = (
				"${PODS_PODFILE_DIR_PATH}/Podfile.lock",
				"${PODS_ROOT}/Manifest.lock",
			);
			name = "[CP] Check Pods Manifest.lock";
			outputPaths = (
				"$(DERIVED_FILE_DIR)/Pods-AwokDemoAppTests-checkManifestLockResult.txt",
			);
			runOnlyForDeploymentPostprocessing = 0;
			shellPath = /bin/sh;
			shellScript = "diff \"${PODS_PODFILE_DIR_PATH}/Podfile.lock\" \"${PODS_ROOT}/Manifest.lock\" > /dev/null\nif [ $? != 0 ] ; then\n    # print error to STDERR\n    echo \"error: The sandbox is not in sync with the Podfile.lock. Run 'pod install' or update your CocoaPods installation.\" >&2\n    exit 1\nfi\n# This output is used by Xcode 'outputs' to avoid re-running this script phase.\necho \"SUCCESS\" > \"${SCRIPT_OUTPUT_FILE_0}\"\n";
			showEnvVarsInLog = 0;
		};
		3B1AD40E2818142708AA651A /* [CP] Embed Pods Frameworks */ = {
			isa = PBXShellScriptBuildPhase;
			buildActionMask = 2147483647;
			files = (
			);
			inputPaths = (
			);
			name = "[CP] Embed Pods Frameworks";
			outputPaths = (
			);
			runOnlyForDeploymentPostprocessing = 0;
			shellPath = /bin/sh;
			shellScript = "\"${SRCROOT}/Pods/Target Support Files/Pods-AwokDemoApp/Pods-AwokDemoApp-frameworks.sh\"\n";
			showEnvVarsInLog = 0;
		};
		4E32AC52C636C346F9653341 /* [CP] Copy Pods Resources */ = {
			isa = PBXShellScriptBuildPhase;
			buildActionMask = 2147483647;
			files = (
			);
			inputPaths = (
			);
			name = "[CP] Copy Pods Resources";
			outputPaths = (
			);
			runOnlyForDeploymentPostprocessing = 0;
			shellPath = /bin/sh;
			shellScript = "\"${SRCROOT}/Pods/Target Support Files/Pods-AwokDemoAppTests/Pods-AwokDemoAppTests-resources.sh\"\n";
			showEnvVarsInLog = 0;
		};
		62B75D48E489FE3431C5BBE1 /* [CP] Embed Pods Frameworks */ = {
			isa = PBXShellScriptBuildPhase;
			buildActionMask = 2147483647;
			files = (
			);
			inputPaths = (
			);
			name = "[CP] Embed Pods Frameworks";
			outputPaths = (
			);
			runOnlyForDeploymentPostprocessing = 0;
			shellPath = /bin/sh;
			shellScript = "\"${SRCROOT}/Pods/Target Support Files/Pods-AwokDemoAppUITests/Pods-AwokDemoAppUITests-frameworks.sh\"\n";
			showEnvVarsInLog = 0;
		};
		9938CC270EF24CDD21BA93CC /* [CP] Copy Pods Resources */ = {
			isa = PBXShellScriptBuildPhase;
			buildActionMask = 2147483647;
			files = (
			);
			inputPaths = (
			);
			name = "[CP] Copy Pods Resources";
			outputPaths = (
			);
			runOnlyForDeploymentPostprocessing = 0;
			shellPath = /bin/sh;
			shellScript = "\"${SRCROOT}/Pods/Target Support Files/Pods-AwokDemoAppUITests/Pods-AwokDemoAppUITests-resources.sh\"\n";
			showEnvVarsInLog = 0;
		};
		A0E53F08035FDE51D7410186 /* [CP] Copy Pods Resources */ = {
			isa = PBXShellScriptBuildPhase;
			buildActionMask = 2147483647;
			files = (
			);
			inputPaths = (
			);
			name = "[CP] Copy Pods Resources";
			outputPaths = (
			);
			runOnlyForDeploymentPostprocessing = 0;
			shellPath = /bin/sh;
			shellScript = "\"${SRCROOT}/Pods/Target Support Files/Pods-AwokDemoApp/Pods-AwokDemoApp-resources.sh\"\n";
			showEnvVarsInLog = 0;
		};
		BF64187A2C44D6D8482AAC1F /* [CP] Check Pods Manifest.lock */ = {
			isa = PBXShellScriptBuildPhase;
			buildActionMask = 2147483647;
			files = (
			);
			inputPaths = (
				"${PODS_PODFILE_DIR_PATH}/Podfile.lock",
				"${PODS_ROOT}/Manifest.lock",
			);
			name = "[CP] Check Pods Manifest.lock";
			outputPaths = (
				"$(DERIVED_FILE_DIR)/Pods-AwokDemoAppUITests-checkManifestLockResult.txt",
			);
			runOnlyForDeploymentPostprocessing = 0;
			shellPath = /bin/sh;
			shellScript = "diff \"${PODS_PODFILE_DIR_PATH}/Podfile.lock\" \"${PODS_ROOT}/Manifest.lock\" > /dev/null\nif [ $? != 0 ] ; then\n    # print error to STDERR\n    echo \"error: The sandbox is not in sync with the Podfile.lock. Run 'pod install' or update your CocoaPods installation.\" >&2\n    exit 1\nfi\n# This output is used by Xcode 'outputs' to avoid re-running this script phase.\necho \"SUCCESS\" > \"${SCRIPT_OUTPUT_FILE_0}\"\n";
			showEnvVarsInLog = 0;
		};
		E4AEC53037A1528DC222DFC6 /* [CP] Check Pods Manifest.lock */ = {
			isa = PBXShellScriptBuildPhase;
			buildActionMask = 2147483647;
			files = (
			);
			inputPaths = (
				"${PODS_PODFILE_DIR_PATH}/Podfile.lock",
				"${PODS_ROOT}/Manifest.lock",
			);
			name = "[CP] Check Pods Manifest.lock";
			outputPaths = (
				"$(DERIVED_FILE_DIR)/Pods-AwokDemoApp-checkManifestLockResult.txt",
			);
			runOnlyForDeploymentPostprocessing = 0;
			shellPath = /bin/sh;
			shellScript = "diff \"${PODS_PODFILE_DIR_PATH}/Podfile.lock\" \"${PODS_ROOT}/Manifest.lock\" > /dev/null\nif [ $? != 0 ] ; then\n    # print error to STDERR\n    echo \"error: The sandbox is not in sync with the Podfile.lock. Run 'pod install' or update your CocoaPods installation.\" >&2\n    exit 1\nfi\n# This output is used by Xcode 'outputs' to avoid re-running this script phase.\necho \"SUCCESS\" > \"${SCRIPT_OUTPUT_FILE_0}\"\n";
			showEnvVarsInLog = 0;
		};
/* End PBXShellScriptBuildPhase section */

/* Begin PBXSourcesBuildPhase section */
		2901A80521010788009DE8A9 /* Sources */ = {
			isa = PBXSourcesBuildPhase;
			buildActionMask = 2147483647;
			files = (
				2901A81C21010789009DE8A9 /* main.m in Sources */,
				2901A881210121B4009DE8A9 /* AwokNavigation.m in Sources */,
				2901A87E2101214F009DE8A9 /* AwokDashboard.m in Sources */,
				2901A88721012233009DE8A9 /* AwokPrices.m in Sources */,
				2901A88421012213009DE8A9 /* AwokEndTime.m in Sources */,
				2901A89021012445009DE8A9 /* AwokItem.m in Sources */,
				2901A80E21010788009DE8A9 /* AppDelegate.m in Sources */,
				2901A893210124A2009DE8A9 /* AwokData.m in Sources */,
				2901A88A21012286009DE8A9 /* AwokImage.m in Sources */,
				2901A896210124E3009DE8A9 /* AwokOutput.m in Sources */,
				2901A88D210123DC009DE8A9 /* AwokColor.m in Sources */,
			);
			runOnlyForDeploymentPostprocessing = 0;
		};
		2901A81D21010789009DE8A9 /* Sources */ = {
			isa = PBXSourcesBuildPhase;
			buildActionMask = 2147483647;
			files = (
				2901A82621010789009DE8A9 /* AwokDemoAppTests.m in Sources */,
			);
			runOnlyForDeploymentPostprocessing = 0;
		};
		2901A82821010789009DE8A9 /* Sources */ = {
			isa = PBXSourcesBuildPhase;
			buildActionMask = 2147483647;
			files = (
				2901A83121010789009DE8A9 /* AwokDemoAppUITests.m in Sources */,
			);
			runOnlyForDeploymentPostprocessing = 0;
		};
/* End PBXSourcesBuildPhase section */

/* Begin PBXTargetDependency section */
		2901A82321010789009DE8A9 /* PBXTargetDependency */ = {
			isa = PBXTargetDependency;
			target = 2901A80821010788009DE8A9 /* AwokDemoApp */;
			targetProxy = 2901A82221010789009DE8A9 /* PBXContainerItemProxy */;
		};
		2901A82E21010789009DE8A9 /* PBXTargetDependency */ = {
			isa = PBXTargetDependency;
			target = 2901A80821010788009DE8A9 /* AwokDemoApp */;
			targetProxy = 2901A82D21010789009DE8A9 /* PBXContainerItemProxy */;
		};
/* End PBXTargetDependency section */

/* Begin PBXVariantGroup section */
		2901A81221010788009DE8A9 /* Main.storyboard */ = {
			isa = PBXVariantGroup;
			children = (
				2901A81321010788009DE8A9 /* Base */,
			);
			name = Main.storyboard;
			sourceTree = "<group>";
		};
		2901A81721010789009DE8A9 /* LaunchScreen.storyboard */ = {
			isa = PBXVariantGroup;
			children = (
				2901A81821010789009DE8A9 /* Base */,
			);
			name = LaunchScreen.storyboard;
			sourceTree = "<group>";
		};
/* End PBXVariantGroup section */

/* Begin XCBuildConfiguration section */
		2901A83321010789009DE8A9 /* Debug */ = {
			isa = XCBuildConfiguration;
			buildSettings = {
				ALWAYS_SEARCH_USER_PATHS = NO;
				CLANG_ANALYZER_NONNULL = YES;
				CLANG_ANALYZER_NUMBER_OBJECT_CONVERSION = YES_AGGRESSIVE;
				CLANG_CXX_LANGUAGE_STANDARD = "gnu++14";
				CLANG_CXX_LIBRARY = "libc++";
				CLANG_ENABLE_MODULES = YES;
				CLANG_ENABLE_OBJC_ARC = YES;
				CLANG_ENABLE_OBJC_WEAK = YES;
				CLANG_WARN_BLOCK_CAPTURE_AUTORELEASING = YES;
				CLANG_WARN_BOOL_CONVERSION = YES;
				CLANG_WARN_COMMA = YES;
				CLANG_WARN_CONSTANT_CONVERSION = YES;
				CLANG_WARN_DEPRECATED_OBJC_IMPLEMENTATIONS = YES;
				CLANG_WARN_DIRECT_OBJC_ISA_USAGE = YES_ERROR;
				CLANG_WARN_DOCUMENTATION_COMMENTS = YES;
				CLANG_WARN_EMPTY_BODY = YES;
				CLANG_WARN_ENUM_CONVERSION = YES;
				CLANG_WARN_INFINITE_RECURSION = YES;
				CLANG_WARN_INT_CONVERSION = YES;
				CLANG_WARN_NON_LITERAL_NULL_CONVERSION = YES;
				CLANG_WARN_OBJC_IMPLICIT_RETAIN_SELF = YES;
				CLANG_WARN_OBJC_LITERAL_CONVERSION = YES;
				CLANG_WARN_OBJC_ROOT_CLASS = YES_ERROR;
				CLANG_WARN_RANGE_LOOP_ANALYSIS = YES;
				CLANG_WARN_STRICT_PROTOTYPES = YES;
				CLANG_WARN_SUSPICIOUS_MOVE = YES;
				CLANG_WARN_UNGUARDED_AVAILABILITY = YES_AGGRESSIVE;
				CLANG_WARN_UNREACHABLE_CODE = YES;
				CLANG_WARN__DUPLICATE_METHOD_MATCH = YES;
				CODE_SIGN_IDENTITY = "iPhone Developer";
				COPY_PHASE_STRIP = NO;
				DEBUG_INFORMATION_FORMAT = dwarf;
				ENABLE_STRICT_OBJC_MSGSEND = YES;
				ENABLE_TESTABILITY = YES;
				GCC_C_LANGUAGE_STANDARD = gnu11;
				GCC_DYNAMIC_NO_PIC = NO;
				GCC_NO_COMMON_BLOCKS = YES;
				GCC_OPTIMIZATION_LEVEL = 0;
				GCC_PREPROCESSOR_DEFINITIONS = (
					"DEBUG=1",
					"$(inherited)",
				);
				GCC_WARN_64_TO_32_BIT_CONVERSION = YES;
				GCC_WARN_ABOUT_RETURN_TYPE = YES_ERROR;
				GCC_WARN_UNDECLARED_SELECTOR = YES;
				GCC_WARN_UNINITIALIZED_AUTOS = YES_AGGRESSIVE;
				GCC_WARN_UNUSED_FUNCTION = YES;
				GCC_WARN_UNUSED_VARIABLE = YES;
				IPHONEOS_DEPLOYMENT_TARGET = 11.4;
				MTL_ENABLE_DEBUG_INFO = YES;
				ONLY_ACTIVE_ARCH = YES;
				SDKROOT = iphoneos;
			};
			name = Debug;
		};
		2901A83421010789009DE8A9 /* Release */ = {
			isa = XCBuildConfiguration;
			buildSettings = {
				ALWAYS_SEARCH_USER_PATHS = NO;
				CLANG_ANALYZER_NONNULL = YES;
				CLANG_ANALYZER_NUMBER_OBJECT_CONVERSION = YES_AGGRESSIVE;
				CLANG_CXX_LANGUAGE_STANDARD = "gnu++14";
				CLANG_CXX_LIBRARY = "libc++";
				CLANG_ENABLE_MODULES = YES;
				CLANG_ENABLE_OBJC_ARC = YES;
				CLANG_ENABLE_OBJC_WEAK = YES;
				CLANG_WARN_BLOCK_CAPTURE_AUTORELEASING = YES;
				CLANG_WARN_BOOL_CONVERSION = YES;
				CLANG_WARN_COMMA = YES;
				CLANG_WARN_CONSTANT_CONVERSION = YES;
				CLANG_WARN_DEPRECATED_OBJC_IMPLEMENTATIONS = YES;
				CLANG_WARN_DIRECT_OBJC_ISA_USAGE = YES_ERROR;
				CLANG_WARN_DOCUMENTATION_COMMENTS = YES;
				CLANG_WARN_EMPTY_BODY = YES;
				CLANG_WARN_ENUM_CONVERSION = YES;
				CLANG_WARN_INFINITE_RECURSION = YES;
				CLANG_WARN_INT_CONVERSION = YES;
				CLANG_WARN_NON_LITERAL_NULL_CONVERSION = YES;
				CLANG_WARN_OBJC_IMPLICIT_RETAIN_SELF = YES;
				CLANG_WARN_OBJC_LITERAL_CONVERSION = YES;
				CLANG_WARN_OBJC_ROOT_CLASS = YES_ERROR;
				CLANG_WARN_RANGE_LOOP_ANALYSIS = YES;
				CLANG_WARN_STRICT_PROTOTYPES = YES;
				CLANG_WARN_SUSPICIOUS_MOVE = YES;
				CLANG_WARN_UNGUARDED_AVAILABILITY = YES_AGGRESSIVE;
				CLANG_WARN_UNREACHABLE_CODE = YES;
				CLANG_WARN__DUPLICATE_METHOD_MATCH = YES;
				CODE_SIGN_IDENTITY = "iPhone Developer";
				COPY_PHASE_STRIP = NO;
				DEBUG_INFORMATION_FORMAT = "dwarf-with-dsym";
				ENABLE_NS_ASSERTIONS = NO;
				ENABLE_STRICT_OBJC_MSGSEND = YES;
				GCC_C_LANGUAGE_STANDARD = gnu11;
				GCC_NO_COMMON_BLOCKS = YES;
				GCC_WARN_64_TO_32_BIT_CONVERSION = YES;
				GCC_WARN_ABOUT_RETURN_TYPE = YES_ERROR;
				GCC_WARN_UNDECLARED_SELECTOR = YES;
				GCC_WARN_UNINITIALIZED_AUTOS = YES_AGGRESSIVE;
				GCC_WARN_UNUSED_FUNCTION = YES;
				GCC_WARN_UNUSED_VARIABLE = YES;
				IPHONEOS_DEPLOYMENT_TARGET = 11.4;
				MTL_ENABLE_DEBUG_INFO = NO;
				SDKROOT = iphoneos;
				VALIDATE_PRODUCT = YES;
			};
			name = Release;
		};
		2901A83621010789009DE8A9 /* Debug */ = {
			isa = XCBuildConfiguration;
			baseConfigurationReference = 327EC4D9934FD20BB81A3441 /* Pods-AwokDemoApp.debug.xcconfig */;
			buildSettings = {
				ASSETCATALOG_COMPILER_APPICON_NAME = AppIcon;
				CODE_SIGN_STYLE = Automatic;
				INFOPLIST_FILE = AwokDemoApp/Info.plist;
				LD_RUNPATH_SEARCH_PATHS = (
					"$(inherited)",
					"@executable_path/Frameworks",
				);
				PRODUCT_BUNDLE_IDENTIFIER = com.waqassultan.AwokDemoApp;
				PRODUCT_NAME = "$(TARGET_NAME)";
				TARGETED_DEVICE_FAMILY = "1,2";
			};
			name = Debug;
		};
		2901A83721010789009DE8A9 /* Release */ = {
			isa = XCBuildConfiguration;
			baseConfigurationReference = 52A2C581F1E1BCA059581ADD /* Pods-AwokDemoApp.release.xcconfig */;
			buildSettings = {
				ASSETCATALOG_COMPILER_APPICON_NAME = AppIcon;
				CODE_SIGN_STYLE = Automatic;
				INFOPLIST_FILE = AwokDemoApp/Info.plist;
				LD_RUNPATH_SEARCH_PATHS = (
					"$(inherited)",
					"@executable_path/Frameworks",
				);
				PRODUCT_BUNDLE_IDENTIFIER = com.waqassultan.AwokDemoApp;
				PRODUCT_NAME = "$(TARGET_NAME)";
				TARGETED_DEVICE_FAMILY = "1,2";
			};
			name = Release;
		};
		2901A83921010789009DE8A9 /* Debug */ = {
			isa = XCBuildConfiguration;
			baseConfigurationReference = E6E447D0F13867CAF742CBE6 /* Pods-AwokDemoAppTests.debug.xcconfig */;
			buildSettings = {
				BUNDLE_LOADER = "$(TEST_HOST)";
				CODE_SIGN_STYLE = Automatic;
				INFOPLIST_FILE = AwokDemoAppTests/Info.plist;
				LD_RUNPATH_SEARCH_PATHS = (
					"$(inherited)",
					"@executable_path/Frameworks",
					"@loader_path/Frameworks",
				);
				PRODUCT_BUNDLE_IDENTIFIER = com.waqassultan.AwokDemoAppTests;
				PRODUCT_NAME = "$(TARGET_NAME)";
				TARGETED_DEVICE_FAMILY = "1,2";
				TEST_HOST = "$(BUILT_PRODUCTS_DIR)/AwokDemoApp.app/AwokDemoApp";
			};
			name = Debug;
		};
		2901A83A21010789009DE8A9 /* Release */ = {
			isa = XCBuildConfiguration;
			baseConfigurationReference = 1316203501277CE6C1657EDC /* Pods-AwokDemoAppTests.release.xcconfig */;
			buildSettings = {
				BUNDLE_LOADER = "$(TEST_HOST)";
				CODE_SIGN_STYLE = Automatic;
				INFOPLIST_FILE = AwokDemoAppTests/Info.plist;
				LD_RUNPATH_SEARCH_PATHS = (
					"$(inherited)",
					"@executable_path/Frameworks",
					"@loader_path/Frameworks",
				);
				PRODUCT_BUNDLE_IDENTIFIER = com.waqassultan.AwokDemoAppTests;
				PRODUCT_NAME = "$(TARGET_NAME)";
				TARGETED_DEVICE_FAMILY = "1,2";
				TEST_HOST = "$(BUILT_PRODUCTS_DIR)/AwokDemoApp.app/AwokDemoApp";
			};
			name = Release;
		};
		2901A83C21010789009DE8A9 /* Debug */ = {
			isa = XCBuildConfiguration;
			baseConfigurationReference = F1379883CD247B9319AC4E78 /* Pods-AwokDemoAppUITests.debug.xcconfig */;
			buildSettings = {
				CODE_SIGN_STYLE = Automatic;
				INFOPLIST_FILE = AwokDemoAppUITests/Info.plist;
				LD_RUNPATH_SEARCH_PATHS = (
					"$(inherited)",
					"@executable_path/Frameworks",
					"@loader_path/Frameworks",
				);
				PRODUCT_BUNDLE_IDENTIFIER = com.waqassultan.AwokDemoAppUITests;
				PRODUCT_NAME = "$(TARGET_NAME)";
				TARGETED_DEVICE_FAMILY = "1,2";
				TEST_TARGET_NAME = AwokDemoApp;
			};
			name = Debug;
		};
		2901A83D21010789009DE8A9 /* Release */ = {
			isa = XCBuildConfiguration;
			baseConfigurationReference = 951E9AE684A0D620EA14B5BB /* Pods-AwokDemoAppUITests.release.xcconfig */;
			buildSettings = {
				CODE_SIGN_STYLE = Automatic;
				INFOPLIST_FILE = AwokDemoAppUITests/Info.plist;
				LD_RUNPATH_SEARCH_PATHS = (
					"$(inherited)",
					"@executable_path/Frameworks",
					"@loader_path/Frameworks",
				);
				PRODUCT_BUNDLE_IDENTIFIER = com.waqassultan.AwokDemoAppUITests;
				PRODUCT_NAME = "$(TARGET_NAME)";
				TARGETED_DEVICE_FAMILY = "1,2";
				TEST_TARGET_NAME = AwokDemoApp;
			};
			name = Release;
		};
/* End XCBuildConfiguration section */

/* Begin XCConfigurationList section */
		2901A80421010788009DE8A9 /* Build configuration list for PBXProject "AwokDemoApp" */ = {
			isa = XCConfigurationList;
			buildConfigurations = (
				2901A83321010789009DE8A9 /* Debug */,
				2901A83421010789009DE8A9 /* Release */,
			);
			defaultConfigurationIsVisible = 0;
			defaultConfigurationName = Release;
		};
		2901A83521010789009DE8A9 /* Build configuration list for PBXNativeTarget "AwokDemoApp" */ = {
			isa = XCConfigurationList;
			buildConfigurations = (
				2901A83621010789009DE8A9 /* Debug */,
				2901A83721010789009DE8A9 /* Release */,
			);
			defaultConfigurationIsVisible = 0;
			defaultConfigurationName = Release;
		};
		2901A83821010789009DE8A9 /* Build configuration list for PBXNativeTarget "AwokDemoAppTests" */ = {
			isa = XCConfigurationList;
			buildConfigurations = (
				2901A83921010789009DE8A9 /* Debug */,
				2901A83A21010789009DE8A9 /* Release */,
			);
			defaultConfigurationIsVisible = 0;
			defaultConfigurationName = Release;
		};
		2901A83B21010789009DE8A9 /* Build configuration list for PBXNativeTarget "AwokDemoAppUITests" */ = {
			isa = XCConfigurationList;
			buildConfigurations = (
				2901A83C21010789009DE8A9 /* Debug */,
				2901A83D21010789009DE8A9 /* Release */,
			);
			defaultConfigurationIsVisible = 0;
			defaultConfigurationName = Release;
		};
/* End XCConfigurationList section */
	};
	rootObject = 2901A80121010788009DE8A9 /* Project object */;
}
